build==1.6.1 \
    --hash=sha256:51cc11666391ab6f092070437ac747002ff46f3e4113a3622177ee6b488bfc53 \
    --hash=sha256:ecd351a4be9d35a9eaaba244a7687143c9c7d4aea6ac964e7e7ddab20cbcf4e7
colorama==0.4.6 \
    --hash=sha256:08695f5cb7ed6e0531a20572697297273c47b8cae5a63ffc6d6ed5c201be6e44 \
    --hash=sha256:4f1d9991f5acc0ca119f9d443620b77f9d6b33703e51011c16baf57afb285fc6
dep-logic==0.7.2 \
    --hash=sha256:2a3c49526075b0bc6825f0ea8c2d9f464de48b7b85f3f3d2900b4e5950fefedf \
    --hash=sha256:33640c4ba7fd45f2504442eb9e0c12e57dac253c748ca3925749548a5c556bae
installer==1.0.1 \
    --hash=sha256:011d045df8b954ced7dde3a7e42ae4418da40ecda7990f2d11d5ed7c146fd98b \
    --hash=sha256:052c7fc3721d54c696e2dea019be67539d7b144e924f559f54beb3121831c364
nab==0.0.17 \
    --hash=sha256:ac6adb24630140e32ad872413284199381f0b9d1ed758e3d98bda6cd42a160e2 \
    --hash=sha256:c9a3af1ad153a6ad4f565ec5996ab65ccd16534afa32e880b08931403ca9d17e
nab-index==0.0.17 \
    --hash=sha256:42fc55638c1f6a075707cd6aaa2fa4e7b04b093e24f29e0eb554db5beb0a7dc9 \
    --hash=sha256:a0179543830dcedd446ecde3b24838547a19847458d8b7744fc8ab02b11e6a54
nab-markersets==0.0.17 \
    --hash=sha256:67016caba6dff648148b4af3164a161606333778e8803d1fc031d16a6c543162 \
    --hash=sha256:ece0e926d39d1f77a39652cd87da95e425e2f02acbac20e692e8b3e593903f46
nab-project==0.0.17 \
    --hash=sha256:392a8bf8d7a708ddb47e8e7d3143ac9d53188be573bd69fbc2470b27eb7e7cb3 \
    --hash=sha256:41716fc50e063c4e3f767dd406869286f18ebd9a39ba61b1bc7ed976808457a0
nab-provider==0.0.17 \
    --hash=sha256:117b62614836240b68b5844673047252c6181b685aa09e7e7b612b83cc6decc9 \
    --hash=sha256:caf6d8564f01437e4ea7c46b5de428d53cf26012ebe4703e50ceb3cb8ea8a6a3
nab-resolver==0.0.17 \
    --hash=sha256:523914553615f5c7427cf0fdf5bf95f3152d73affa0cbb57d40fb0a5983bcc5b \
    --hash=sha256:f4003e954d449fd38b8c01f664ae421a1bd5d9163882df1a1f5b54d5221675ab
networkx==3.6.1 \
    --hash=sha256:26b7c357accc0c8cde558ad486283728b65b6a95d85ee1cd66bafab4c8168509 \
    --hash=sha256:d47fbf302e7d9cbbb9e2555a0d267983d2aa476bac30e90dfbe5669bd57f3762
packaging==26.3 \
    --hash=sha256:94edc256424af38762eb31306eed28beb9f0efc50a8837492c9d6fd6004aed79 \
    --hash=sha256:d7193f7c8e4e93f444fde0262bf90af30e16fa0ad0ad44cb553c87339b23cd1c
pipdeptree==4.2.5 \
    --hash=sha256:03ccecb5fa940d2b0d6f16442bc52ea217933a313f96d7b5aba9c3addc7b8020 \
    --hash=sha256:041b2377877757c50411bcfcc90c1f86383f23f92e61b8040ec7be9cbc40794f \
    --hash=sha256:087cc58fabf63a3b971998892038fe6e578c4d581f60f0af1931fbdb15dae9c3 \
    --hash=sha256:0fafc3201c046e72913abb8a7a2b75cb17c3e15ebdd3ed546adf8fe9a9d4f54e \
    --hash=sha256:1014bd66756a3089bf81dd1c8b449fab5fed2dd5473338ddf624aca47e3a37a3 \
    --hash=sha256:11aa69a07e10a61d03853b67d10a40c12dd1a7b4a46a4265a5d52e53632244aa \
    --hash=sha256:3ac7c7cc347f75bb82886be88a013d7f63b1a37795958769c30a2878026f0bd9 \
    --hash=sha256:485bce47718743665c4ed42f92241c0328087814d91495ddd53ab65abc62f21f \
    --hash=sha256:488e4b2f086bb40ca887adcbecbc4cab4c9b101d628004951a418218e705c985 \
    --hash=sha256:4d940f7a6e7e8bc5fbccbc2182cc8d21fa9623f7c8c9e8bba1a08dca9dc5d050 \
    --hash=sha256:56bbd67569f4d612d898c13480ce153bee70e93fa9f064015ded9037b14f128f \
    --hash=sha256:5e2e60371e094c89f0b67a20e116bd4318efdd59542102d90fd5073e803e4841 \
    --hash=sha256:6550fcfecd51d56529151dad4033f1e079f1afa14737ea0733c30fbadc2695f8 \
    --hash=sha256:6981573146dcede8b295bd94de1b3dd47589192a8539fff55f3245c73d4c2f53 \
    --hash=sha256:749ac94096ebfe5906fdd94cd686bfd1171b1bc33d6c20c4d1ee37e043173e1a \
    --hash=sha256:7ea430ac47a539f56d1b7a1fbd6f661f5db807fb5b26df4a0f32c10e47dff1f2 \
    --hash=sha256:858d711768a8401e2cbfff8a68fdf0e70ff4eb5ac8e0064dedee67722f1578d8 \
    --hash=sha256:87fd94f8b29c6f9ccf5d82e1099b2f7651609f72c0e202701d68946898e4bfc7 \
    --hash=sha256:8c908c567aeab846f15946b3d122cdfbaba96f42f91d300872aa0eaeb755b341 \
    --hash=sha256:8fa50c021f7b9a46703f6c55f3ffe396c0540508f73053f55e4a1f87cec0b652 \
    --hash=sha256:91584431c4bd0d8fb532054d5b886f9120ffdbc4d363a60299507b6d9b6d0b60 \
    --hash=sha256:aa848be1bb3ee6f02df774e1c37be0a3287ae0744cc397649fc99e7e2581212b \
    --hash=sha256:b7d841a9b2651f4f29c4098f5a88b576d06efad3b1fc01b0b7156debb5e6e2c0 \
    --hash=sha256:bf75abc03d8ad4a50adc3196b6d6b8a0d7e811d846d756b96eb9573c3946579d \
    --hash=sha256:c1a3a7a1801c419bca4914e758675e87257bbb4280cead08a226021e4bb94d42 \
    --hash=sha256:c80b554a82bdd1b066e817c988f0adf7554bcdab612553d2687fc1ab00675ee4 \
    --hash=sha256:da52d3f768d90099834ae8fbf3e629fe8a716a6bc429a3dcde183fec79a3acea \
    --hash=sha256:dafb538a35ef4dbe9bc18f1e4acbd16f1eb5907feff0f659845745244f0990ab \
    --hash=sha256:e1788b115b16664641d06714338c6e04ec79ebe3b43d1547e9a6accbba1b2ece \
    --hash=sha256:e1fbc6fd2c02185728708fa20a3b77e5a1cdcae9860d1d34276d155459d3e78e
pyproject-hooks==1.2.0 \
    --hash=sha256:1e859bd5c40fae9448642dd871adf459e5e2084186e8d2c2a79a824c970da1f8 \
    --hash=sha256:9e5c6bfa8dcc30091c74b0cf803c81fdd29d94f01992a7707bc97babb1141913
rapidfuzz==3.14.6 \
    --hash=sha256:07c7aa0b1e4b9999a54f9e73317d6743ff85442c8ef7b7fbbe6b190fd37d9e75 \
    --hash=sha256:0844066900cdc9909ce4ab4fb5ba1d8e0c021252d770f2ea476f3443df1d22ef \
    --hash=sha256:08bc63b88048376114d1e66cf8fa6926495d03bb873eb87854fa74cf6848a70b \
    --hash=sha256:0b34b7ee4f4f760690d6477163aabbec05705b5dd764cb6c3a6ba95aa1fffc42 \
    --hash=sha256:0c61cade182f130c9903231946bd1074539121721693a918e7b70382ae802bd8 \
    --hash=sha256:0debb5f43662ea84d2f0228a0c7407ff647f9c3d13f3b692efff0cde46eebce0 \
    --hash=sha256:0f8d6718e7edacdb16455c0472e7552fd518decb91e91250c58784fd6163f54f \
    --hash=sha256:10576c39fe6a49fad0bf1069371a77300ce166a3f36d2900d2d0bae08f297104 \
    --hash=sha256:11d76bb2b2cd038df708ae18f521fb3a50af477cc5a0dffce812da43a2f1beb3 \
    --hash=sha256:1398bd2c197b79bfc40b615999fd3599dc60265fdd5b59edc18156ae048c4cde \
    --hash=sha256:15da2b258908eb38853c1a6a58a1d09d9aad9c721e03a68c8ba691cd31dff739 \
    --hash=sha256:17081a0e904c12bb4ed49619a2bbb6528f6af00fe850e7ace22487bfd2aea455 \
    --hash=sha256:178557c7a50c8c8d65369ede7f3d845bf23590a951c9a368caf166b105d58cf3 \
    --hash=sha256:189ce2bf14938bfa003fbbe7e6da7584ed6ebbc4c560686255dbc20e2829f470 \
    --hash=sha256:1901414b135afb1a7f4b1ef940b95523b49cc5642aecf02af740f37567e98137 \
    --hash=sha256:19c1cda8198cc57ffd4ff69a1c02cbe4297e9ca7b506bca03ec584da0a9fe1ff \
    --hash=sha256:1b0a9546a7328d3cfc2f1385501db7c4c374fb566dc1a3b22ad56092846c0134 \
    --hash=sha256:1c0dd0d765184366b6e213a8af3b0b3bb39dad27943bbfb193515d4ff96ac82a \
    --hash=sha256:1d253e1fe44648242a0029b42ba23adf238ed2a7eb3d8ed0a03731a23f074ae0 \
    --hash=sha256:1e6911e3a14971719ddc35af98f181d2e5369ab273a5a3488ab7685d23c31ad5 \
    --hash=sha256:28e9ce91bd41a8203185887ef9b1541a891aa61c5c1cb2e46f1689cd4288d372 \
    --hash=sha256:2bc7af3a699371a941aac86dc8a79ac92adeb3c2add2aab02230e76068a0029e \
    --hash=sha256:2cc9b5dde0ac89f7856f997ef917cac8e18e9dea473e9b3090a84bd600de6a91 \
    --hash=sha256:32352a3ed1aad9c097d31fd4f2eece3030169e2de3dedde7a2fadc2652b768ad \
    --hash=sha256:33a2f7faedaa3608c4876c41b448fc786d54e6cd7c6e732f7de466319b5a73c2 \
    --hash=sha256:35db2670f69fa3a4eb4741055581477ff92f2cf39e7e06f43ebcb97c2192fe7c \
    --hash=sha256:36710ff214b7a8049d26a9c81d99948026593cacb47663742c4119072b651ecd \
    --hash=sha256:36a37ddc729c33618d89fa221d3333b9b956dc38cf15d31301e6169d962399a3 \
    --hash=sha256:3781cf14f9fc933d7198c2b25a8bbbd1a62b752746d5cd26de14957edc0e802f \
    --hash=sha256:3c2444f5cd757ded2c3ba8b1734253b801b9b2ba9ecb3ee40cd505cebbfa7341 \
    --hash=sha256:3d502769263318690d4f6638b08483979d1b88cdc7c6f087482eea935fde4031 \
    --hash=sha256:3d5b1cfa67bbe6239a643bca1d986f8a07e0a045286c674946e1648c132baa46 \
    --hash=sha256:3d5d90bae3c6fb7ea34da968c9f23070e8440edb827a28b242580e0108110b14 \
    --hash=sha256:408b2e8e8c1ac71b57f0923cf964d6932539725e07b69e70ec66f22c4a403891 \
    --hash=sha256:40c2753e2d4dc96b25f8a25adc23ab0bb6cfd8bc8125a1753ac4b037d6ff6511 \
    --hash=sha256:40d0cd9c82083aeb30bae8dee265ae571e6748d0d7b222ddd777f33d95a3b712 \
    --hash=sha256:41ee893c4d7d0fb1844f6cad966540a833784b3bad2c239a0d80195d9231cef4 \
    --hash=sha256:4406b2517b85febcf9419f8fbcdfbd534872ea32608050f9562224933ca49a4c \
    --hash=sha256:44f1cddbc2010700e2d88063d0ab64183efe2578d9b52770ce1cd283dda230c5 \
    --hash=sha256:46ddb42af4cad3ac9d5e0c97ee1e687500c529a1ad5cbf9c949ce35f6edd4537 \
    --hash=sha256:50cd6718bcda7ec5293635a9d0b3fb5906251013d3b99ca403ba9dfa8965f661 \
    --hash=sha256:55dc9a55924b4ecfcf4a60a701bcfae7d9daf0129c41dc16139270d75be0996c \
    --hash=sha256:5667c56fdc902fa1e12449b5c042e8b1c7e9b30040db20c396fbdb3d0a750866 \
    --hash=sha256:635f242f4bdf05d1477fa409815bd73e5f78896773ace84997bc472ffeef685f \
    --hash=sha256:63b0e84faec3c5706cae8ae51246ff103407d54efa32a615a548b7b67392ebcf \
    --hash=sha256:659b41570fcc6e02631ac361c47cc8db9ad26d740e4be2177df1b63005a49174 \
    --hash=sha256:66ece6f5e2586c742fc3e0b8487e06783d27c6c24adcdcfdd7f306afbd8b5737 \
    --hash=sha256:6bb896f89a387219c671ebc33c4a636b222010cc3c5c83884a7fc8707bf0bbf9 \
    --hash=sha256:6f9ad513e3a3e045b60b421d5cd3887ae0a33b38fc6c6db3ea5e27c0a2e0412c \
    --hash=sha256:71a5bbfd00da1963f27dd1432068929694cf0e00007ae2b9c1ad2a187ec29a16 \
    --hash=sha256:737a57cbca3e5c16decac86e205727bcd4b99c52f77c48bb44123078c5cd9a7a \
    --hash=sha256:760ee152af5e8b4d241a469f933ba2d7215248618ae19770fec7d80d9e149db6 \
    --hash=sha256:76a122fc573df603deb5fb827df31bb5efbd0826b50bb7aeca8535a6e8c70cf9 \
    --hash=sha256:7ca0f498bf771a87557e6d8b573aa6cf3daded58ae2eaeb6973618ce3e1615ad \
    --hash=sha256:864658e5a10d249a2277374e800f944fe990346d70eea6f3a51b712b6dd01984 \
    --hash=sha256:8683fefdd3484d64a191b3efbc8cbe9162c3eac891fd62d0a1b70e117ffcd434 \
    --hash=sha256:8fa7d45388dec34a86038f2a38380f4922b74b5dd8991247f629a531178db10f \
    --hash=sha256:9080a730fdcf3cb8a07464c90f9cf40c1b4ffc73a8375b56a8898aba619dda30 \
    --hash=sha256:96a548979cd939b2c69358a0f5088a408524fbf7454f04bf90939fa971e64310 \
    --hash=sha256:96bbd5a1c67d135334d02fae74f1d933fdda204ea03d544a59dab6b1cbfbf565 \
    --hash=sha256:9989280902b9c4ecf7de95fbb906e94df0d8c047290ed315c7aa1760cec9b3de \
    --hash=sha256:9ddb0ddf3ee616fdc066add4ef05639c5cf59b58d83779b6023488e5435f6191 \
    --hash=sha256:9e00c8c9500aacbc0c52b66369f54533ecbdcb92e5aa87e160fc8e293000a696 \
    --hash=sha256:9e974251a9833791bc557b46f975676a56c2d58946f795cd2964b095496dfdcc \
    --hash=sha256:a0c8bef04f6b1d9fdbb319576350af53151a64692d477db7d4844c220bc8e212 \
    --hash=sha256:aaa83b633d877a05d549d2073629134998d1b3b9dbc114873d3ff4277984979f \
    --hash=sha256:ab4386ef7c2cb3e5eb46e815be49715dfcd301bb9f0a431f18da7aa0007de54f \
    --hash=sha256:abe92a70134c8b40790bb5c78b2a0a790686c26e83b6e99a456127ca141fe06a \
    --hash=sha256:ad60297c001d15af24338440bca85dfee8710e9e3222733c906b33e89d986166 \
    --hash=sha256:adb160a100f6122aa45c78d686e198da3f9e815d4182e0c4fe730608479f7f9c \
    --hash=sha256:b056ce19eaea2ea70c6a6fb387a605ca2af8979de5b9d507597e8012820ddb14 \
    --hash=sha256:b22ef7e5e2341efc6216b666491022027b984e5aef93446064742f43f3c1d926 \
    --hash=sha256:b42536675c930cb76b7998bfc4d8e59cb35d8df47f2103020265743b6b2ccd2a \
    --hash=sha256:b46cecf27025e7a934332ade033e6a394da8a493f19fa1d835e3b2968a4ff7da \
    --hash=sha256:b82c21c30568e096ef2a9dda7d45c379e6141694e0472dac73bc4372ce13ccee \
    --hash=sha256:bba0e9fad4dbea80227cde9cef3aaa984a934a84aec5f7505532e19838b14769 \
    --hash=sha256:bc3d74d18543ddfbc8babe1faadb19927a7999fd0d01181cce9e721c14c36ab6 \
    --hash=sha256:bf4fb0f19c9dfce7a908c3e309753602ce3edb83bb74e9ff997e278765bf89df \
    --hash=sha256:c53a269bdbd71ffbc856d3db9e609478251001ee272507578fa838bc2bd421fe \
    --hash=sha256:c69fb0e064d10c79908dcda76d7ca8ecdf8393a39acbb74dbad3f709f2c60e95 \
    --hash=sha256:c9d135fb93709d707577da8a7a8ffc7283525a5b6d0ce55aa3724be5639ed65b \
    --hash=sha256:cab4a932cec02d09471e2c9f1434049ef5bfe1f6e646ff10939c222dc610ad60 \
    --hash=sha256:cbe6a62f71fcbca72acbf5a30e53380600369f257f951d664d81d30c0c598595 \
    --hash=sha256:cfca36e4612208875e08611a779164b6cb8900ab8bbd3d82d4cfdfae9efbfac9 \
    --hash=sha256:d4c5adb921b67dd79ffc0a14f92b9f8df3d012e66aab340b154ed87014229d93 \
    --hash=sha256:d6b58daadbe6974884ec39aee30cfb8bd2e126f8d03503f0069f70d5e84656a3 \
    --hash=sha256:d85a6e9180e53cde95c95dfeb05a2ac94ead4d9d803a8fd186d2719a678b8483 \
    --hash=sha256:dbe3378db3ae0453accf6196e2ed943f43d416cfacdcb8883db105bc14a0130f \
    --hash=sha256:dd89abd1c4b3776c3471a817216830bd275441c8344bbda5d51a3bffe1e0fbdf \
    --hash=sha256:e06c6050c9bf6cd72305e3e6a293918b2b92cf2a067007585a53898624902e3c \
    --hash=sha256:e13a8160d017b499ec7a2fa9d0ce1ae2e7377080815785819f966fb235d4eb60 \
    --hash=sha256:e221366e24709b9d41d5f9cc99053b04cfc575d429e956a82cfbc4c4e9e8860a \
    --hash=sha256:e2fc748d1fde4109e5d0dab27f1e61f53b3136a235dfee5a4fb579da44808b6a \
    --hash=sha256:eab2d4680d7f438dbb1d484b187d59a943edea9c83f792c764a0c148a417a60a \
    --hash=sha256:eabaf06ca4896c59cfd9162480f0d37a15a2304ce2efe83ae2bbcfa1cf13534e \
    --hash=sha256:ecb45d616002751b58914d5b7c2e66acd39e12242be12717a1258148a1b36526 \
    --hash=sha256:f0d2d95c787d812b9106cfbcb94ad37a49f59df9287e00a75eb61afc246e8759 \
    --hash=sha256:f35723caef8cc31b6f34209708fb172fc88bab0077c12e9b36bbb829baaf1b16 \
    --hash=sha256:f9b0a501f37fb852c54469375baa25874246b3bbc8b6e21fb4cd186a32335868 \
    --hash=sha256:f9d93e5424d1e4c103b57906b8beba270e680afda3ffdff7ea3bc6173b37083c \
    --hash=sha256:faebff9b9a287fb673f9a66465a7e03043601c9bfe5e71c3f91b3f2e7b8a37f6 \
    --hash=sha256:fc166efa4ca2fc9cc52e43784a54cbea95fc0e03e533f8266ef66b1c04c7cb76 \
    --hash=sha256:fc950bb77105a2717d03d9f9c9e21e9ace7df2b8e864dd91edef7e32fa143be2
requirements-parser==0.13.1 \
    --hash=sha256:6e385663eb32589d16e5b22bb6e5251a57908e73803ffff438b53cd6ea2056e0 \
    --hash=sha256:78811383b2089b6c5197a1431bc2c12ff950245edca39a23eea3460782038dd3
resolvelib==1.2.1 \
    --hash=sha256:7d08a2022f6e16ce405d60b68c390f054efcfd0477d4b9bd019cc941c28fad1c \
    --hash=sha256:fb06b66c8da04172d9e72a21d7d06186d8919e32ae5ab5cdf5b9d920be805ac2
tomli==2.4.1 \
    --hash=sha256:01f520d4f53ef97964a240a035ec2a869fe1a37dde002b57ebc4417a27ccd853 \
    --hash=sha256:0d85819802132122da43cb86656f8d1f8c6587d54ae7dcaf30e90533028b49fe \
    --hash=sha256:136443dbd7e1dee43c68ac2694fde36b2849865fa258d39bf822c10e8068eac5 \
    --hash=sha256:1d8591993e228b0c930c4bb0db464bdad97b3289fb981255d6c9a41aedc84b2d \
    --hash=sha256:2190f2e9dd7508d2a90ded5ed369255980a1bcdd58e52f7fe24b8162bf9fedbd \
    --hash=sha256:2c1c351919aca02858f740c6d33adea0c5deea37f9ecca1cc1ef9e884a619d26 \
    --hash=sha256:36d2bd2ad5fb9eaddba5226aa02c8ec3fa4f192631e347b3ed28186d43be6b54 \
    --hash=sha256:3d48a93ee1c9b79c04bb38772ee1b64dcf18ff43085896ea460ca8dec96f35f6 \
    --hash=sha256:47149d5bd38761ac8be13a84864bf0b7b70bc051806bc3669ab1cbc56216b23c \
    --hash=sha256:4ab97e64ccda8756376892c53a72bd1f964e519c77236368527f758fbc36a53a \
    --hash=sha256:4b605484e43cdc43f0954ddae319fb75f04cc10dd80d830540060ee7cd0243cd \
    --hash=sha256:504aa796fe0569bb43171066009ead363de03675276d2d121ac1a4572397870f \
    --hash=sha256:51529d40e3ca50046d7606fa99ce3956a617f9b36380da3b7f0dd3dd28e68cb5 \
    --hash=sha256:52c8ef851d9a240f11a88c003eacb03c31fc1c9c4ec64a99a0f922b93874fda9 \
    --hash=sha256:559db847dc486944896521f68d8190be1c9e719fced785720d2216fe7022b662 \
    --hash=sha256:5a881ab208c0baf688221f8cecc5401bd291d67e38a1ac884d6736cbcd8247e9 \
    --hash=sha256:5cb41aa38891e073ee49d55fbc7839cfdb2bc0e600add13874d048c94aadddd1 \
    --hash=sha256:5e262d41726bc187e69af7825504c933b6794dc3fbd5945e41a79bb14c31f585 \
    --hash=sha256:5ee18d9ebdb417e384b58fe414e8d6af9f4e7a0ae761519fb50f721de398dd4e \
    --hash=sha256:7008df2e7655c495dd12d2a4ad038ff878d4ca4b81fccaf82b714e07eae4402c \
    --hash=sha256:734e20b57ba95624ecf1841e72b53f6e186355e216e5412de414e3c51e5e3c41 \
    --hash=sha256:7c7e1a961a0b2f2472c1ac5b69affa0ae1132c39adcb67aba98568702b9cc23f \
    --hash=sha256:7f86fd587c4ed9dd76f318225e7d9b29cfc5a9d43de44e5754db8d1128487085 \
    --hash=sha256:7f94b27a62cfad8496c8d2513e1a222dd446f095fca8987fceef261225538a15 \
    --hash=sha256:88dceee75c2c63af144e456745e10101eb67361050196b0b6af5d717254dddf7 \
    --hash=sha256:8a650c2dbafa08d42e51ba0b62740dae4ecb9338eefa093aa5c78ceb546fcd5c \
    --hash=sha256:8d65a2fbf9d2f8352685bc1364177ee3923d6baf5e7f43ea4959d7d8bc326a36 \
    --hash=sha256:96481a5786729fd470164b47cdb3e0e58062a496f455ee41b4403be77cb5a076 \
    --hash=sha256:a120733b01c45e9a0c34aeef92bf0cf1d56cfe81ed9d47d562f9ed591a9828ac \
    --hash=sha256:b1d22e6e9387bf4739fbe23bfa80e93f6b0373a7f1b96c6227c32bef95a4d7a8 \
    --hash=sha256:b8c198f8c1805dc42708689ed6864951fd2494f924149d3e4bce7710f8eb5232 \
    --hash=sha256:c2541745709bad0264b7d4705ad453b76ccd191e64aa6f0fc66b69a293a45ece \
    --hash=sha256:c742f741d58a28940ce01d58f0ab2ea3ced8b12402f162f4d534dfe18ba1cd6a \
    --hash=sha256:c7f2c7f2b9ca6bdeef8f0fa897f8e05085923eb091721675170254cbc5b02897 \
    --hash=sha256:d312ef37c91508b0ab2cee7da26ec0b3ed2f03ce12bd87a588d771ae15dcf82d \
    --hash=sha256:d4d8fe59808a54658fcc0160ecfb1b30f9089906c50b23bcb4c69eddc19ec2b4 \
    --hash=sha256:da25dc3563bff5965356133435b757a795a17b17d01dbc0f42fb32447ddfd917 \
    --hash=sha256:eab21f45c7f66c13f2a9e0e1535309cee140182a9cdae1e041d02e47291e8396 \
    --hash=sha256:eb0dc4e38e6a1fd579e5d50369aa2e10acfc9cace504579b2faabb478e76941a \
    --hash=sha256:ec9bfaf3ad2df51ace80688143a6a4ebc09a248f6ff781a9945e51937008fcbc \
    --hash=sha256:ede3e6487c5ef5d28634ba3f31f989030ad6af71edfb0055cbbd14189ff240ba \
    --hash=sha256:f3c6818a1a86dd6dca7ddcaaf76947d5ba31aecc28cb1b67009a5877c9a64f3f \
    --hash=sha256:f758f1b9299d059cc3f6546ae2af89670cb1c4d48ea29c3cacc4fe7de3058257 \
    --hash=sha256:f8f0fc26ec2cc2b965b7a3b87cd19c5c6b8c5e5f436b984e85f486d652285c30 \
    --hash=sha256:fd0409a3653af6c147209d267a0e4243f0ae46b011aa978b1080359fddc9b6cf \
    --hash=sha256:ff18e6a727ee0ab0388507b89d1bc6a22b138d1e2fa56d1ad494586d61d2eae9 \
    --hash=sha256:ff2983983d34813c1aeb0fa89091e76c3a22889ee83ab27c5eeb45100560c049
tomli-w==1.2.0 \
    --hash=sha256:188306098d013b691fcadc011abd66727d3c414c571bb01b1a174ba8c983cf90 \
    --hash=sha256:2dd14fac5a47c27be9cd4c976af5a12d87fb1f0b4512f81d69cce3b35ae25021
tomlkit==0.15.1 \
    --hash=sha256:177a05aece5a8ca5266fd3c448abb47b8d352f09d477d3ca8332db4d89b24304 \
    --hash=sha256:e25bbf38843005246210a12982776f27f99cb9be67160e14434d0c0d21ee1e97
truststore==0.10.4 \
    --hash=sha256:9d91bd436463ad5e4ee4aba766628dd6cd7010cf3e2461756b3303710eebc301 \
    --hash=sha256:adaeaecf1cbb5f4de3b1959b42d41f6fab57b2b1666adb59e89cb0b53361d981
typing-extensions==4.16.0 \
    --hash=sha256:481caa481374e813c1b176ada14e97f1f67a4539ce9cfeb3f350d78d6370c2e8 \
    --hash=sha256:dc983d19a509c94dba722ee6abd33940f7c05a89e243c47e907eb4db6f1a43e5
urllib3==2.7.0 \
    --hash=sha256:231e0ec3b63ceb14667c67be60f2f2c40a518cb38b03af60abc813da26505f4c \
    --hash=sha256:9fb4c81ebbb1ce9531cce37674bbc6f1360472bc18ca9a553ede278ef7276897
